
Microsoft Visual Studio Solution File, Format Version 12.00
# Visual Studio Version 17
VisualStudioVersion = 17.11.35222.181
MinimumVisualStudioVersion = 10.0.40219.1
Project("{FAE04EC0-301F-11D3-BF4B-00C04F79EFBC}") = "Week3IfandSwitch", "Week3IfandSwitch\Week3IfandSwitch.csproj", "{90FB808A-6A30-47CB-A90E-7B21EB56B6FF}"
EndProject
Project("{FAE04EC0-301F-11D3-BF4B-00C04F79EFBC}") = "OddOrEven", "OddOrEven\OddOrEven.csproj", "{C239A92A-195B-4FAC-BD89-7BA3B4F26F1B}"
EndProject
Project("{FAE04EC0-301F-11D3-BF4B-00C04F79EFBC}") = "DayOfTheWeek", "DayOfTheWeek\DayOfTheWeek.csproj", "{4DAB3BB0-6937-4C76-9B83-A816BA72A6A7}"
EndProject
Project("{FAE04EC0-301F-11D3-BF4B-00C04F79EFBC}") = "SwitchWOD", "SwitchWOD\SwitchWOD.csproj", "{C4C093EF-D43B-4827-9F50-4F149E581052}"
EndProject
Project("{FAE04EC0-301F-11D3-BF4B-00C04F79EFBC}") = "HarjutuS", "HarjutuS\HarjutuS.csproj", "{79C76421-4AC8-4704-8061-6FD4A2B10CAC}"
EndProject
Global
	GlobalSection(SolutionConfigurationPlatforms) = preSolution
		Debug|Any CPU = Debug|Any CPU
		Release|Any CPU = Release|Any CPU
	EndGlobalSection
	GlobalSection(ProjectConfigurationPlatforms) = postSolution
		{90FB808A-6A30-47CB-A90E-7B21EB56B6FF}.Debug|Any CPU.ActiveCfg = Debug|Any CPU
		{90FB808A-6A30-47CB-A90E-7B21EB56B6FF}.Debug|Any CPU.Build.0 = Debug|Any CPU
		{90FB808A-6A30-47CB-A90E-7B21EB56B6FF}.Release|Any CPU.ActiveCfg = Release|Any CPU
		{90FB808A-6A30-47CB-A90E-7B21EB56B6FF}.Release|Any CPU.Build.0 = Release|Any CPU
		{C239A92A-195B-4FAC-BD89-7BA3B4F26F1B}.Debug|Any CPU.ActiveCfg = Debug|Any CPU
		{C239A92A-195B-4FAC-BD89-7BA3B4F26F1B}.Debug|Any CPU.Build.0 = Debug|Any CPU
		{C239A92A-195B-4FAC-BD89-7BA3B4F26F1B}.Release|Any CPU.ActiveCfg = Release|Any CPU
		{C239A92A-195B-4FAC-BD89-7BA3B4F26F1B}.Release|Any CPU.Build.0 = Release|Any CPU
		{4DAB3BB0-6937-4C76-9B83-A816BA72A6A7}.Debug|Any CPU.ActiveCfg = Debug|Any CPU
		{4DAB3BB0-6937-4C76-9B83-A816BA72A6A7}.Debug|Any CPU.Build.0 = Debug|Any CPU
		{4DAB3BB0-6937-4C76-9B83-A816BA72A6A7}.Release|Any CPU.ActiveCfg = Release|Any CPU
		{4DAB3BB0-6937-4C76-9B83-A816BA72A6A7}.Release|Any CPU.Build.0 = Release|Any CPU
		{C4C093EF-D43B-4827-9F50-4F149E581052}.Debug|Any CPU.ActiveCfg = Debug|Any CPU
		{C4C093EF-D43B-4827-9F50-4F149E581052}.Debug|Any CPU.Build.0 = Debug|Any CPU
		{C4C093EF-D43B-4827-9F50-4F149E581052}.Release|Any CPU.ActiveCfg = Release|Any CPU
		{C4C093EF-D43B-4827-9F50-4F149E581052}.Release|Any CPU.Build.0 = Release|Any CPU
		{79C76421-4AC8-4704-8061-6FD4A2B10CAC}.Debug|Any CPU.ActiveCfg = Debug|Any CPU
		{79C76421-4AC8-4704-8061-6FD4A2B10CAC}.Debug|Any CPU.Build.0 = Debug|Any CPU
		{79C76421-4AC8-4704-8061-6FD4A2B10CAC}.Release|Any CPU.ActiveCfg = Release|Any CPU
		{79C76421-4AC8-4704-8061-6FD4A2B10CAC}.Release|Any CPU.Build.0 = Release|Any CPU
	EndGlobalSection
	GlobalSection(SolutionProperties) = preSolution
		HideSolutionNode = FALSE
	EndGlobalSection
	GlobalSection(ExtensibilityGlobals) = postSolution
		SolutionGuid = {E863713A-E06F-4FAF-84E1-4785BB7DC4C4}
	EndGlobalSection
EndGlobal
